Microsoft Visual Studio Solution File, Format Version 12.00
# Visual Studio Version 17
VisualStudioVersion = 17.5.2.0
MinimumVisualStudioVersion = 10.0.40219.1
Project("{FAE04EC0-301F-11D3-BF4B-00C04F79EFBC}") = "cleancode", "cleancode.csproj", "{BCBBE92D-6074-8663-BF3D-185B481A3E32}"
EndProject
Global
	GlobalSection(SolutionConfigurationPlatforms) = preSolution
		Debug|Any CPU = Debug|Any CPU
		Release|Any CPU = Release|Any CPU
	EndGlobalSection
	GlobalSection(ProjectConfigurationPlatforms) = postSolution
		{BCBBE92D-6074-8663-BF3D-185B481A3E32}.Debug|Any CPU.ActiveCfg = Debug|Any CPU
		{BCBBE92D-6074-8663-BF3D-185B481A3E32}.Debug|Any CPU.Build.0 = Debug|Any CPU
		{BCBBE92D-6074-8663-BF3D-185B481A3E32}.Release|Any CPU.ActiveCfg = Release|Any CPU
		{BCBBE92D-6074-8663-BF3D-185B481A3E32}.Release|Any CPU.Build.0 = Release|Any CPU
	EndGlobalSection
	GlobalSection(SolutionProperties) = preSolution
		HideSolutionNode = FALSE
	EndGlobalSection
	GlobalSection(ExtensibilityGlobals) = postSolution
		SolutionGuid = {124D3948-6AC9-4151-B64D-831D698AF2DE}
	EndGlobalSection
EndGlobal
